
Microsoft Visual Studio Solution File, Format Version 12.00
# Visual Studio Version 16
VisualStudioVersion = 16.0.30225.117
MinimumVisualStudioVersion = 10.0.40219.1
Project("{FAE04EC0-301F-11D3-BF4B-00C04F79EFBC}") = "tinto programa 2", "tinto programa 2.csproj", "{6C738A05-5C8C-4EFA-89AD-90F6C11DF130}"
EndProject
Global
	GlobalSection(SolutionConfigurationPlatforms) = preSolution
		Debug|Any CPU = Debug|Any CPU
		Release|Any CPU = Release|Any CPU
	EndGlobalSection
	GlobalSection(ProjectConfigurationPlatforms) = postSolution
		{6C738A05-5C8C-4EFA-89AD-90F6C11DF130}.Debug|Any CPU.ActiveCfg = Debug|Any CPU
		{6C738A05-5C8C-4EFA-89AD-90F6C11DF130}.Debug|Any CPU.Build.0 = Debug|Any CPU
		{6C738A05-5C8C-4EFA-89AD-90F6C11DF130}.Release|Any CPU.ActiveCfg = Release|Any CPU
		{6C738A05-5C8C-4EFA-89AD-90F6C11DF130}.Release|Any CPU.Build.0 = Release|Any CPU
	EndGlobalSection
	GlobalSection(SolutionProperties) = preSolution
		HideSolutionNode = FALSE
	EndGlobalSection
	GlobalSection(ExtensibilityGlobals) = postSolution
		SolutionGuid = {CDA9A94B-6F42-4921-B786-CDF64AF9DBC6}
	EndGlobalSection
EndGlobal
